{
  "name": "gnx-dashboard",
  "version": "1.0.0",
  "lockfileVersion": 3,
  "requires": true,
  "packages": {
    "": {
      "name": "gnx-dashboard",
      "version": "1.0.0",
      "dependencies": {
        "@angular/common": "latest",
        "@angular/compiler": "latest",
        "@angular/core": "latest",
        "@angular/platform-browser": "latest",
        "rxjs": "latest",
        "tslib": "latest",
        "zone.js": "latest"
      },
      "devDependencies": {
        "@analogjs/vite-plugin-angular": "latest",
        "@angular/build": "latest",
        "@angular/compiler-cli": "latest",
        "@tailwindcss/vite": "latest",
        "@vitejs/plugin-basic-ssl": "latest",
        "autoprefixer": "latest",
        "postcss": "latest",
        "tailwindcss": "latest",
        "typescript": "latest",
        "vite": "latest"
      }
    },
    "node_modules/@ampproject/remapping": {
      "version": "2.3.0",
      "resolved": "https://registry.npmjs.org/@ampproject/remapping/-/remapping-2.3.0.tgz",
      "integrity": "sha512-30iZtAPgz+LTIYoeivqYo853f02jBYSd5uGnGpkFV0M3xOt9aN73erkgYAmZU43x4VfqcnLxW9Kpg3R5LC4YYw==",
      "dev": true,
      "license": "Apache-2.0",
      "dependencies": {
        "@jridgewell/gen-mapping": "^0.3.5",
        "@jridgewell/trace-mapping": "^0.3.24"
      },
      "engines": {
        "node": ">=6.0.0"
      }
    },
    "node_modules/@analogjs/vite-plugin-angular": {
      "version": "2.2.0",
      "resolved": "https://registry.npmjs.org/@analogjs/vite-plugin-angular/-/vite-plugin-angular-2.2.0.tgz",
      "integrity": "sha512-ujHfBb0V2MqUJN1Lji057TvM3Wxfi0ll6eo77BGpELN0UsjMspc35veQ2qWPCOscTGk5CI4+csXs0svQHDTekA==",
      "dev": true,
      "license": "MIT",
      "dependencies": {
        "ts-morph": "^21.0.0"
      },
      "funding": {
        "type": "github",
        "url": "https://github.com/sponsors/brandonroberts"
      },
      "peerDependencies": {
        "@angular-devkit/build-angular": "^15.0.0 || ^16.0.0 || ^17.0.0 || ^18.0.0 || ^19.0.0 || ^20.0.0 || ^21.0.0",
        "@angular/build": "^18.0.0 || ^19.0.0 || ^20.0.0 || ^21.0.0"
      },
      "peerDependenciesMeta": {
        "@angular-devkit/build-angular": {
          "optional": true
        },
        "@angular/build": {
          "optional": true
        }
      }
    },
    "node_modules/@angular-devkit/architect": {
      "version": "0.2100.4",
      "resolved": "https://registry.npmjs.org/@angular-devkit/architect/-/architect-0.2100.4.tgz",
      "integrity": "sha512-tKtb0I8AU59m75JjHlL1XEsoPxVaEWhnHKeesDpk49RNm0sVqWnfXesse8IXqdVds0Hpjisc3In7j4xKbigfXg==",
      "dev": true,
      "license": "MIT",
      "dependencies": {
        "@angular-devkit/core": "21.0.4",
        "rxjs": "7.8.2"
      },
      "engines": {
        "node": "^20.19.0 || ^22.12.0 || >=24.0.0",
        "npm": "^6.11.0 || ^7.5.6 || >=8.0.0",
        "yarn": ">= 1.13.0"
      }
    },
    "node_modules/@angular-devkit/core": {
      "version": "21.0.4",
      "resolved": "https://registry.npmjs.org/@angular-devkit/core/-/core-21.0.4.tgz",
      "integrity": "sha512-Mbze8tMtBs7keSOx4UIR9utLQs1uSiGjfTaOkCu/dbBEiG6umopy1OlUCvHiHyeiYqh+wR0yiGtTS+Cexo5iLg==",
      "dev": true,
      "license": "MIT",
      "dependencies": {
        "ajv": "8.17.1",
        "ajv-formats": "3.0.1",
        "jsonc-parser": "3.3.1",
        "picomatch": "4.0.3",
        "rxjs": "7.8.2",
        "source-map": "0.7.6"
      },
      "engines": {
        "node": "^20.19.0 || ^22.12.0 || >=24.0.0",
        "npm": "^6.11.0 || ^7.5.6 || >=8.0.0",
        "yarn": ">= 1.13.0"
      },
      "peerDependencies": {
        "chokidar": "^4.0.0"
      },
      "peerDependenciesMeta": {
        "chokidar": {
          "optional": true
        }
      }
    },
    "node_modules/@angular-devkit/core/node_modules/picomatch": {
      "version": "4.0.3",
      "resolved": "https://registry.npmjs.org/picomatch/-/picomatch-4.0.3.tgz",
      "integrity": "sha512-5gTmgEY/sqK6gFXLIsQNH19lWb4ebPDLA4SdLP7dsWkIXHWlG66oPuVvXSGFPppYZz8ZDZq0dYYrbHfBCVUb1Q==",
      "dev": true,
      "license": "MIT",
      "engines": {
        "node": ">=12"
      },
      "funding": {
        "url": "https://github.com/sponsors/jonschlinkert"
      }
    },
    "node_modules/@angular/build": {
      "version": "21.0.4",
      "resolved": "https://registry.npmjs.org/@angular/build/-/build-21.0.4.tgz",
      "integrity": "sha512-tnh9llk9288noG6buV9HtsAfR/QCVIArTsx9pFJebAFOIDyObpHItfWTnmqYBQecSNEwH5l4XlkDInbjxM9MuA==",
      "dev": true,
      "license": "MIT",
      "dependencies": {
        "@ampproject/remapping": "2.3.0",
        "@angular-devkit/architect": "0.2100.4",
        "@babel/core": "7.28.4",
        "@babel/helper-annotate-as-pure": "7.27.3",
        "@babel/helper-split-export-declaration": "7.24.7",
        "@inquirer/confirm": "5.1.19",
        "@vitejs/plugin-basic-ssl": "2.1.0",
        "beasties": "0.3.5",
        "browserslist": "^4.26.0",
        "esbuild": "0.26.0",
        "https-proxy-agent": "7.0.6",
        "istanbul-lib-instrument": "6.0.3",
        "jsonc-parser": "3.3.1",
        "listr2": "9.0.5",
        "magic-string": "0.30.19",
        "mrmime": "2.0.1",
        "parse5-html-rewriting-stream": "8.0.0",
        "picomatch": "4.0.3",
        "piscina": "5.1.3",
        "rolldown": "1.0.0-beta.47",
        "sass": "1.93.2",
        "semver": "7.7.3",
        "source-map-support": "0.5.21",
        "tinyglobby": "0.2.15",
        "undici": "7.16.0",
        "vite": "7.2.2",
        "watchpack": "2.4.4"
      },
      "engines": {
        "node": "^20.19.0 || ^22.12.0 || >=24.0.0",
        "npm": "^6.11.0 || ^7.5.6 || >=8.0.0",
        "yarn": ">= 1.13.0"
      },
      "optionalDependencies": {
        "lmdb": "3.4.3"
      },
      "peerDependencies": {
        "@angular/compiler": "^21.0.0",
        "@angular/compiler-cli": "^21.0.0",
        "@angular/core": "^21.0.0",
        "@angular/localize": "^21.0.0",
        "@angular/platform-browser": "^21.0.0",
        "@angular/platform-server": "^21.0.0",
        "@angular/service-worker": "^21.0.0",
        "@angular/ssr": "^21.0.4",
        "karma": "^6.4.0",
        "less": "^4.2.0",
        "ng-packagr": "^21.0.0",
        "postcss": "^8.4.0",
        "tailwindcss": "^2.0.0 || ^3.0.0 || ^4.0.0",
        "tslib": "^2.3.0",
        "typescript": ">=5.9 <6.0",
        "vitest": "^4.0.8"
      },
      "peerDependenciesMeta": {
        "@angular/core": {
          "optional": true
        },
        "@angular/localize": {
          "optional": true
        },
        "@angular/platform-browser": {
          "optional": true
        },
        "@angular/platform-server": {
          "optional": true
        },
        "@angular/service-worker": {
          "optional": true
        },
        "@angular/ssr": {
          "optional": true
        },
        "karma": {
          "optional": true
        },
        "less": {
          "optional": true
        },
        "ng-packagr": {
          "optional": true
        },
        "postcss": {
          "optional": true
        },
        "tailwindcss": {
          "optional": true
        },
        "vitest": {
          "optional": true
        }
      }
    },
    "node_modules/@angular/build/node_modules/@esbuild/aix-ppc64": {
      "version": "0.26.0",
      "resolved": "https://registry.npmjs.org/@esbuild/aix-ppc64/-/aix-ppc64-0.26.0.tgz",
      "integrity": "sha512-hj0sKNCQOOo2fgyII3clmJXP28VhgDfU5iy3GNHlWO76KG6N7x4D9ezH5lJtQTG+1J6MFDAJXC1qsI+W+LvZoA==",
      "cpu": [
        "ppc64"
      ],
      "dev": true,
      "license": "MIT",
      "optional": true,
      "os": [
        "aix"
      ],
      "engines": {
        "node": ">=18"
      }
    },
    "node_modules/@angular/build/node_modules/@esbuild/android-arm": {
      "version": "0.26.0",
      "resolved": "https://registry.npmjs.org/@esbuild/android-arm/-/android-arm-0.26.0.tgz",
      "integrity": "sha512-C0hkDsYNHZkBtPxxDx177JN90/1MiCpvBNjz1f5yWJo1+5+c5zr8apjastpEG+wtPjo9FFtGG7owSsAxyKiHxA==",
      "cpu": [
        "arm"
      ],
      "dev": true,
      "license": "MIT",
      "optional": true,
      "os": [
        "android"
      ],
      "engines": {
        "node": ">=18"
      }
    },
    "node_modules/@angular/build/node_modules/@esbuild/android-arm64": {
      "version": "0.26.0",
      "resolved": "https://registry.npmjs.org/@esbuild/android-arm64/-/android-arm64-0.26.0.tgz",
      "integrity": "sha512-DDnoJ5eoa13L8zPh87PUlRd/IyFaIKOlRbxiwcSbeumcJ7UZKdtuMCHa1Q27LWQggug6W4m28i4/O2qiQQ5NZQ==",
      "cpu": [
        "arm64"
      ],
      "dev": true,
      "license": "MIT",
      "optional": true,
      "os": [
        "android"
      ],
      "engines": {
        "node": ">=18"
      }
    },
    "node_modules/@angular/build/node_modules/@esbuild/android-x64": {
      "version": "0.26.0",
      "resolved": "https://registry.npmjs.org/@esbuild/android-x64/-/android-x64-0.26.0.tgz",
      "integrity": "sha512-bKDkGXGZnj0T70cRpgmv549x38Vr2O3UWLbjT2qmIkdIWcmlg8yebcFWoT9Dku7b5OV3UqPEuNKRzlNhjwUJ9A==",
      "cpu": [
        "x64"
      ],
      "dev": true,
      "license": "MIT",
      "optional": true,
      "os": [
        "android"
      ],
      "engines": {
        "node": ">=18"
      }
    },
    "node_modules/@angular/build/node_modules/@esbuild/darwin-arm64": {
      "version": "0.26.0",
      "resolved": "https://registry.npmjs.org/@esbuild/darwin-arm64/-/darwin-arm64-0.26.0.tgz",
      "integrity": "sha512-6Z3naJgOuAIB0RLlJkYc81An3rTlQ/IeRdrU3dOea8h/PvZSgitZV+thNuIccw0MuK1GmIAnAmd5TrMZad8FTQ==",
      "cpu": [
        "arm64"
      ],
      "dev": true,
      "license": "MIT",
      "optional": true,
      "os": [
        "darwin"
      ],
      "engines": {
        "node": ">=18"
      }
    },
    "node_modules/@angular/build/node_modules/@esbuild/darwin-x64": {
      "version": "0.26.0",
      "resolved": "https://registry.npmjs.org/@esbuild/darwin-x64/-/darwin-x64-0.26.0.tgz",
      "integrity": "sha512-OPnYj0zpYW0tHusMefyaMvNYQX5pNQuSsHFTHUBNp3vVXupwqpxofcjVsUx11CQhGVkGeXjC3WLjh91hgBG2xw==",
      "cpu": [
        "x64"
      ],
      "dev": true,
      "license": "MIT",
      "optional": true,
      "os": [
        "darwin"
      ],
      "engines": {
        "node": ">=18"
      }
    },
    "node_modules/@angular/build/node_modules/@esbuild/freebsd-arm64": {
      "version": "0.26.0",
      "resolved": "https://registry.npmjs.org/@esbuild/freebsd-arm64/-/freebsd-arm64-0.26.0.tgz",
      "integrity": "sha512-jix2fa6GQeZhO1sCKNaNMjfj5hbOvoL2F5t+w6gEPxALumkpOV/wq7oUBMHBn2hY2dOm+mEV/K+xfZy3mrsxNQ==",
      "cpu": [
        "arm64"
      ],
      "dev": true,
      "license": "MIT",
      "optional": true,
      "os": [
        "freebsd"
      ],
      "engines": {
        "node": ">=18"
      }
    },
    "node_modules/@angular/build/node_modules/@esbuild/freebsd-x64": {
      "version": "0.26.0",
      "resolved": "https://registry.npmjs.org/@esbuild/freebsd-x64/-/freebsd-x64-0.26.0.tgz",
      "integrity": "sha512-tccJaH5xHJD/239LjbVvJwf6T4kSzbk6wPFerF0uwWlkw/u7HL+wnAzAH5GB2irGhYemDgiNTp8wJzhAHQ64oA==",
      "cpu": [
        "x64"
      ],
      "dev": true,
      "license": "MIT",
      "optional": true,
      "os": [
        "freebsd"
      ],
      "engines": {
        "node": ">=18"
      }
    },
    "node_modules/@angular/build/node_modules/@esbuild/linux-arm": {
      "version": "0.26.0",
      "resolved": "https://registry.npmjs.org/@esbuild/linux-arm/-/linux-arm-0.26.0.tgz",
      "integrity": "sha512-JY8NyU31SyRmRpuc5W8PQarAx4TvuYbyxbPIpHAZdr/0g4iBr8KwQBS4kiiamGl2f42BBecHusYCsyxi7Kn8UQ==",
      "cpu": [
        "arm"
      ],
      "dev": true,
      "license": "MIT",
      "optional": true,
      "os": [
        "linux"
      ],
      "engines": {
        "node": ">=18"
      }
    },
    "node_modules/@angular/build/node_modules/@esbuild/linux-arm64": {
      "version": "0.26.0",
      "resolved": "https://registry.npmjs.org/@esbuild/linux-arm64/-/linux-arm64-0.26.0.tgz",
      "integrity": "sha512-IMJYN7FSkLttYyTbsbme0Ra14cBO5z47kpamo16IwggzzATFY2lcZAwkbcNkWiAduKrTgFJP7fW5cBI7FzcuNQ==",
      "cpu": [
        "arm64"
      ],
      "dev": true,
      "license": "MIT",
      "optional": true,
      "os": [
        "linux"
      ],
      "engines": {
        "node": ">=18"
      }
    },
    "node_modules/@angular/build/node_modules/@esbuild/linux-ia32": {
      "version": "0.26.0",
      "resolved": "https://registry.npmjs.org/@esbuild/linux-ia32/-/linux-ia32-0.26.0.tgz",
      "integrity": "sha512-XITaGqGVLgk8WOHw8We9Z1L0lbLFip8LyQzKYFKO4zFo1PFaaSKsbNjvkb7O8kEXytmSGRkYpE8LLVpPJpsSlw==",
      "cpu": [
        "ia32"
      ],
      "dev": true,
      "license": "MIT",
      "optional": true,
      "os": [
        "linux"
      ],
      "engines": {
        "node": ">=18"
      }
    },
    "node_modules/@angular/build/node_modules/@esbuild/linux-loong64": {
      "version": "0.26.0",
      "resolved": "https://registry.npmjs.org/@esbuild/linux-loong64/-/linux-loong64-0.26.0.tgz",
      "integrity": "sha512-MkggfbDIczStUJwq9wU7gQ7kO33d8j9lWuOCDifN9t47+PeI+9m2QVh51EI/zZQ1spZtFMC1nzBJ+qNGCjJnsg==",
      "cpu": [
        "loong64"
      ],
      "dev": true,
      "license": "MIT",
      "optional": true,
      "os": [
        "linux"
      ],
      "engines": {
        "node": ">=18"
      }
    },
    "node_modules/@angular/build/node_modules/@esbuild/linux-mips64el": {
      "version": "0.26.0",
      "resolved": "https://registry.npmjs.org/@esbuild/linux-mips64el/-/linux-mips64el-0.26.0.tgz",
      "integrity": "sha512-fUYup12HZWAeccNLhQ5HwNBPr4zXCPgUWzEq2Rfw7UwqwfQrFZ0SR/JljaURR8xIh9t+o1lNUFTECUTmaP7yKA==",
      "cpu": [
        "mips64el"
      ],
      "dev": true,
      "license": "MIT",
      "optional": true,
      "os": [
        "linux"
      ],
      "engines": {
        "node": ">=18"
      }
    },
    "node_modules/@angular/build/node_modules/@esbuild/linux-ppc64": {
      "version": "0.26.0",
      "resolved": "https://registry.npmjs.org/@esbuild/linux-ppc64/-/linux-ppc64-0.26.0.tgz",
      "integrity": "sha512-MzRKhM0Ip+//VYwC8tialCiwUQ4G65WfALtJEFyU0GKJzfTYoPBw5XNWf0SLbCUYQbxTKamlVwPmcw4DgZzFxg==",
      "cpu": [
        "ppc64"
      ],
      "dev": true,
      "license": "MIT",
      "optional": true,
      "os": [
        "linux"
      ],
      "engines": {
        "node": ">=18"
      }
    },
    "node_modules/@angular/build/node_modules/@esbuild/linux-riscv64": {
      "version": "0.26.0",
      "resolved": "https://registry.npmjs.org/@esbuild/linux-riscv64/-/linux-riscv64-0.26.0.tgz",
      "integrity": "sha512-QhCc32CwI1I4Jrg1enCv292sm3YJprW8WHHlyxJhae/dVs+KRWkbvz2Nynl5HmZDW/m9ZxrXayHzjzVNvQMGQA==",
      "cpu": [
        "riscv64"
      ],
      "dev": true,
      "license": "MIT",
      "optional": true,
      "os": [
        "linux"
      ],
      "engines": {
        "node": ">=18"
      }
    },
    "node_modules/@angular/build/node_modules/@esbuild/linux-s390x": {
      "version": "0.26.0",
      "resolved": "https://registry.npmjs.org/@esbuild/linux-s390x/-/linux-s390x-0.26.0.tgz",
      "integrity": "sha512-1D6vi6lfI18aNT1aTf2HV+RIlm6fxtlAp8eOJ4mmnbYmZ4boz8zYDar86sIYNh0wmiLJEbW/EocaKAX6Yso2fw==",
      "cpu": [
        "s390x"
      ],
      "dev": true,
      "license": "MIT",
      "optional": true,
      "os": [
        "linux"
      ],
      "engines": {
        "node": ">=18"
      }
    },
    "node_modules/@angular/build/node_modules/@esbuild/linux-x64": {
      "version": "0.26.0",
      "resolved": "https://registry.npmjs.org/@esbuild/linux-x64/-/linux-x64-0.26.0.tgz",
      "integrity": "sha512-rnDcepj7LjrKFvZkx+WrBv6wECeYACcFjdNPvVPojCPJD8nHpb3pv3AuR9CXgdnjH1O23btICj0rsp0L9wAnHA==",
      "cpu": [
        "x64"
      ],
      "dev": true,
      "license": "MIT",
      "optional": true,
      "os": [
        "linux"
      ],
      "engines": {
        "node": ">=18"
      }
    },
    "node_modules/@angular/build/node_modules/@esbuild/netbsd-arm64": {
      "version": "0.26.0",
      "resolved": "https://registry.npmjs.org/@esbuild/netbsd-arm64/-/netbsd-arm64-0.26.0.tgz",
      "integrity": "sha512-FSWmgGp0mDNjEXXFcsf12BmVrb+sZBBBlyh3LwB/B9ac3Kkc8x5D2WimYW9N7SUkolui8JzVnVlWh7ZmjCpnxw==",
      "cpu": [
        "arm64"
      ],
      "dev": true,
      "license": "MIT",
      "optional": true,
      "os": [
        "netbsd"
      ],
      "engines": {
        "node": ">=18"
      }
    },
    "node_modules/@angular/build/node_modules/@esbuild/netbsd-x64": {
      "version": "0.26.0",
      "resolved": "https://registry.npmjs.org/@esbuild/netbsd-x64/-/netbsd-x64-0.26.0.tgz",
      "integrity": "sha512-0QfciUDFryD39QoSPUDshj4uNEjQhp73+3pbSAaxjV2qGOEDsM67P7KbJq7LzHoVl46oqhIhJ1S+skKGR7lMXA==",
      "cpu": [
        "x64"
      ],
      "dev": true,
      "license": "MIT",
      "optional": true,
      "os": [
        "netbsd"
      ],
      "engines": {
        "node": ">=18"
      }
    },
    "node_modules/@angular/build/node_modules/@esbuild/openbsd-arm64": {
      "version": "0.26.0",
      "resolved": "https://registry.npmjs.org/@esbuild/openbsd-arm64/-/openbsd-arm64-0.26.0.tgz",
      "integrity": "sha512-vmAK+nHhIZWImwJ3RNw9hX3fU4UGN/OqbSE0imqljNbUQC3GvVJ1jpwYoTfD6mmXmQaxdJY6Hn4jQbLGJKg5Yw==",
      "cpu": [
        "arm64"
      ],
      "dev": true,
      "license": "MIT",
      "optional": true,
      "os": [
        "openbsd"
      ],
      "engines": {
        "node": ">=18"
      }
    },
    "node_modules/@angular/build/node_modules/@esbuild/openbsd-x64": {
      "version": "0.26.0",
      "resolved": "https://registry.npmjs.org/@esbuild/openbsd-x64/-/openbsd-x64-0.26.0.tgz",
      "integrity": "sha512-GPXF7RMkJ7o9bTyUsnyNtrFMqgM3X+uM/LWw4CeHIjqc32fm0Ir6jKDnWHpj8xHFstgWDUYseSABK9KCkHGnpg==",
  